// !$*UTF8*$!
{
	archiveVersion = 1;
	classes = {
	};
	objectVersion = 77;
	objects = {

/* Begin PBXBuildFile section */
		09E11E817B1C148E71DF054D /* MeasureScreen.swift in Sources */ = {isa = PBXBuildFile; fileRef = C553E709B451F0CCDC2F39AB /* MeasureScreen.swift */; };
		498ECC11806A7CF7FE32B4F3 /* LocationService.swift in Sources */ = {isa = PBXBuildFile; fileRef = F9E53D68FE7C7080998DC205 /* LocationService.swift */; };
		71B0FAC0B4FF6C3C3AA866F4 /* JournalViews.swift in Sources */ = {isa = PBXBuildFile; fileRef = 57F9C1028D58589BECA22A2B /* JournalViews.swift */; };
		83BD08576B9F002A5DB025C6 /* CaptureService.swift in Sources */ = {isa = PBXBuildFile; fileRef = F926D5175C71FDD4458701A4 /* CaptureService.swift */; };
		A25C639801DBFA1BBD6BD3D0 /* FishMeasureARApp.swift in Sources */ = {isa = PBXBuildFile; fileRef = 4CF54662BC841C93938634CE /* FishMeasureARApp.swift */; };
		B383BD0922338D0216EC4C7B /* DepthUnprojector.swift in Sources */ = {isa = PBXBuildFile; fileRef = EB4A3CD005623CD7C512B9BD /* DepthUnprojector.swift */; };
		C20E4B59EDF1A17B08E192EA /* ReferenceObjects.swift in Sources */ = {isa = PBXBuildFile; fileRef = 230B25F40A01278E211A63F2 /* ReferenceObjects.swift */; };
		CCF3CCCBDD89BF2997F43D23 /* MeasurementSmoother.swift in Sources */ = {isa = PBXBuildFile; fileRef = CA4B76BF95AAB81308075EC1 /* MeasurementSmoother.swift */; };
		D1D11C5020CB44221A788E7D /* MeasureSessionController.swift in Sources */ = {isa = PBXBuildFile; fileRef = C2942A448BD00F786ABE20B4 /* MeasureSessionController.swift */; };
		DF8812C53092F355D5738B73 /* CatchRecord.swift in Sources */ = {isa = PBXBuildFile; fileRef = 17BAABC6D53955EA62407FC9 /* CatchRecord.swift */; };
		F14A390043E6B849E1039B13 /* SettingsView.swift in Sources */ = {isa = PBXBuildFile; fileRef = 8795403DF21104F1386C4992 /* SettingsView.swift */; };
		F853DE9FEC87AA0CF08BDB68 /* FishSegmentation.swift in Sources */ = {isa = PBXBuildFile; fileRef = 66713FE1BD4732B070A4F34A /* FishSegmentation.swift */; };
/* End PBXBuildFile section */

/* Begin PBXFileReference section */
		17BAABC6D53955EA62407FC9 /* CatchRecord.swift */ = {isa = PBXFileReference; lastKnownFileType = sourcecode.swift; path = CatchRecord.swift; sourceTree = "<group>"; };
		230B25F40A01278E211A63F2 /* ReferenceObjects.swift */ = {isa = PBXFileReference; lastKnownFileType = sourcecode.swift; path = ReferenceObjects.swift; sourceTree = "<group>"; };
		4CF54662BC841C93938634CE /* FishMeasureARApp.swift */ = {isa = PBXFileReference; lastKnownFileType = sourcecode.swift; path = FishMeasureARApp.swift; sourceTree = "<group>"; };
		57F9C1028D58589BECA22A2B /* JournalViews.swift */ = {isa = PBXFileReference; lastKnownFileType = sourcecode.swift; path = JournalViews.swift; sourceTree = "<group>"; };
		6425610DC261C3E6241DFB3B /* FishMeasureAR.app */ = {isa = PBXFileReference; includeInIndex = 0; lastKnownFileType = wrapper.application; path = FishMeasureAR.app; sourceTree = BUILT_PRODUCTS_DIR; };
		66713FE1BD4732B070A4F34A /* FishSegmentation.swift */ = {isa = PBXFileReference; lastKnownFileType = sourcecode.swift; path = FishSegmentation.swift; sourceTree = "<group>"; };
		8795403DF21104F1386C4992 /* SettingsView.swift */ = {isa = PBXFileReference; lastKnownFileType = sourcecode.swift; path = SettingsView.swift; sourceTree = "<group>"; };
		C2942A448BD00F786ABE20B4 /* MeasureSessionController.swift */ = {isa = PBXFileReference; lastKnownFileType = sourcecode.swift; path = MeasureSessionController.swift; sourceTree = "<group>"; };
		C553E709B451F0CCDC2F39AB /* MeasureScreen.swift */ = {isa = PBXFileReference; lastKnownFileType = sourcecode.swift; path = MeasureScreen.swift; sourceTree = "<group>"; };
		CA4B76BF95AAB81308075EC1 /* MeasurementSmoother.swift */ = {isa = PBXFileReference; lastKnownFileType = sourcecode.swift; path = MeasurementSmoother.swift; sourceTree = "<group>"; };
		DAA2866A43B86582512F8C18 /* Info.plist */ = {isa = PBXFileReference; lastKnownFileType = text.plist; path = Info.plist; sourceTree = "<group>"; };
		EB4A3CD005623CD7C512B9BD /* DepthUnprojector.swift */ = {isa = PBXFileReference; lastKnownFileType = sourcecode.swift; path = DepthUnprojector.swift; sourceTree = "<group>"; };
		F926D5175C71FDD4458701A4 /* CaptureService.swift */ = {isa = PBXFileReference; lastKnownFileType = sourcecode.swift; path = CaptureService.swift; sourceTree = "<group>"; };
		F9E53D68FE7C7080998DC205 /* LocationService.swift */ = {isa = PBXFileReference; lastKnownFileType = sourcecode.swift; path = LocationService.swift; sourceTree = "<group>"; };
/* End PBXFileReference section */

/* Begin PBXGroup section */
		1DC6B867F612790470CFBCCC /* Location */ = {
			isa = PBXGroup;
			children = (
				F9E53D68FE7C7080998DC205 /* LocationService.swift */,
			);
			path = Location;
			sourceTree = "<group>";
		};
		1F4C6290446C388EFA74CFD1 /* ReferenceObjects */ = {
			isa = PBXGroup;
			children = (
				230B25F40A01278E211A63F2 /* ReferenceObjects.swift */,
			);
			path = ReferenceObjects;
			sourceTree = "<group>";
		};
		2A79C3FAF2ABA8AAB0FAA557 /* App */ = {
			isa = PBXGroup;
			children = (
				4CF54662BC841C93938634CE /* FishMeasureARApp.swift */,
			);
			path = App;
			sourceTree = "<group>";
		};
		34B017F706225DAA1F0E1998 /* Measure */ = {
			isa = PBXGroup;
			children = (
				EB4A3CD005623CD7C512B9BD /* DepthUnprojector.swift */,
				66713FE1BD4732B070A4F34A /* FishSegmentation.swift */,
				CA4B76BF95AAB81308075EC1 /* MeasurementSmoother.swift */,
				C553E709B451F0CCDC2F39AB /* MeasureScreen.swift */,
				C2942A448BD00F786ABE20B4 /* MeasureSessionController.swift */,
			);
			path = Measure;
			sourceTree = "<group>";
		};
		3D91DA02B506059671C3A5BD /* Features */ = {
			isa = PBXGroup;
			children = (
				F1C7B90BA84AE97F877497AE /* Capture */,
				DFB8351337BCEC5AD83861B0 /* Journal */,
				34B017F706225DAA1F0E1998 /* Measure */,
				1F4C6290446C388EFA74CFD1 /* ReferenceObjects */,
				40554D3EE562455A8CD69EE3 /* Settings */,
			);
			path = Features;
			sourceTree = "<group>";
		};
		40554D3EE562455A8CD69EE3 /* Settings */ = {
			isa = PBXGroup;
			children = (
				8795403DF21104F1386C4992 /* SettingsView.swift */,
			);
			path = Settings;
			sourceTree = "<group>";
		};
		863DA3F03C978C18E940DC6F = {
			isa = PBXGroup;
			children = (
				EDFC05E3D3A4312692ED8875 /* Sources */,
				F0A5C797CEEFE5284CE324BE /* Products */,
			);
			sourceTree = "<group>";
		};
		D731AC5196D67AEC9F424857 /* Core */ = {
			isa = PBXGroup;
			children = (
				1DC6B867F612790470CFBCCC /* Location */,
				F4E80FCF2372EB32AC0806BD /* Persistence */,
			);
			path = Core;
			sourceTree = "<group>";
		};
		DFB8351337BCEC5AD83861B0 /* Journal */ = {
			isa = PBXGroup;
			children = (
				57F9C1028D58589BECA22A2B /* JournalViews.swift */,
			);
			path = Journal;
			sourceTree = "<group>";
		};
		EDFC05E3D3A4312692ED8875 /* Sources */ = {
			isa = PBXGroup;
			children = (
				DAA2866A43B86582512F8C18 /* Info.plist */,
				2A79C3FAF2ABA8AAB0FAA557 /* App */,
				D731AC5196D67AEC9F424857 /* Core */,
				3D91DA02B506059671C3A5BD /* Features */,
			);
			path = Sources;
			sourceTree = "<group>";
		};
		F0A5C797CEEFE5284CE324BE /* Products */ = {
			isa = PBXGroup;
			children = (
				6425610DC261C3E6241DFB3B /* FishMeasureAR.app */,
			);
			name = Products;
			sourceTree = "<group>";
		};
		F1C7B90BA84AE97F877497AE /* Capture */ = {
			isa = PBXGroup;
			children = (
				F926D5175C71FDD4458701A4 /* CaptureService.swift */,
			);
			path = Capture;
			sourceTree = "<group>";
		};
		F4E80FCF2372EB32AC0806BD /* Persistence */ = {
			isa = PBXGroup;
			children = (
				17BAABC6D53955EA62407FC9 /* CatchRecord.swift */,
			);
			path = Persistence;
			sourceTree = "<group>";
		};
		"TEMP_1162E17F-8353-4574-97F6-C9FA8AD125ED" /* {Measure,ReferenceObjects,Capture,Journal,Settings},Core */ = {
			isa = PBXGroup;
			children = (
			);
			path = "{Measure,ReferenceObjects,Capture,Journal,Settings},Core";
			sourceTree = "<group>";
		};
		"TEMP_8243F7C8-204A-4BB8-AA34-F39C04101756" /* {App,Features */ = {
			isa = PBXGroup;
			children = (
			);
			path = "{App,Features";
			sourceTree = "<group>";
		};
/* End PBXGroup section */

/* Begin PBXNativeTarget section */
		9800943915637CEC960C4A9B /* FishMeasureAR */ = {
			isa = PBXNativeTarget;
			buildConfigurationList = 51332CBE16E1B45531966FA9 /* Build configuration list for PBXNativeTarget "FishMeasureAR" */;
			buildPhases = (
				A5AE226B3E70CED1B31C574C /* Sources */,
			);
			buildRules = (
			);
			dependencies = (
			);
			name = FishMeasureAR;
			packageProductDependencies = (
			);
			productName = FishMeasureAR;
			productReference = 6425610DC261C3E6241DFB3B /* FishMeasureAR.app */;
			productType = "com.apple.product-type.application";
		};
/* End PBXNativeTarget section */

/* Begin PBXProject section */
		7ACEED3CFE4B17AEBB34A2B6 /* Project object */ = {
			isa = PBXProject;
			attributes = {
				BuildIndependentTargetsInParallel = YES;
				LastUpgradeCheck = 1430;
				TargetAttributes = {
					9800943915637CEC960C4A9B = {
						DevelopmentTeam = "";
					};
				};
			};
			buildConfigurationList = AC962AB8796980D34B654BA8 /* Build configuration list for PBXProject "FishMeasureAR" */;
			developmentRegion = en;
			hasScannedForEncodings = 0;
			knownRegions = (
				Base,
				en,
			);
			mainGroup = 863DA3F03C978C18E940DC6F;
			minimizedProjectReferenceProxies = 1;
			preferredProjectObjectVersion = 77;
			productRefGroup = F0A5C797CEEFE5284CE324BE /* Products */;
			projectDirPath = "";
			projectRoot = "";
			targets = (
				9800943915637CEC960C4A9B /* FishMeasureAR */,
			);
		};
/* End PBXProject section */

/* Begin PBXSourcesBuildPhase section */
		A5AE226B3E70CED1B31C574C /* Sources */ = {
			isa = PBXSourcesBuildPhase;
			buildActionMask = 2147483647;
			files = (
				83BD08576B9F002A5DB025C6 /* CaptureService.swift in Sources */,
				DF8812C53092F355D5738B73 /* CatchRecord.swift in Sources */,
				B383BD0922338D0216EC4C7B /* DepthUnprojector.swift in Sources */,
				A25C639801DBFA1BBD6BD3D0 /* FishMeasureARApp.swift in Sources */,
				F853DE9FEC87AA0CF08BDB68 /* FishSegmentation.swift in Sources */,
				71B0FAC0B4FF6C3C3AA866F4 /* JournalViews.swift in Sources */,
				498ECC11806A7CF7FE32B4F3 /* LocationService.swift in Sources */,
				09E11E817B1C148E71DF054D /* MeasureScreen.swift in Sources */,
				D1D11C5020CB44221A788E7D /* MeasureSessionController.swift in Sources */,
				CCF3CCCBDD89BF2997F43D23 /* MeasurementSmoother.swift in Sources */,
				C20E4B59EDF1A17B08E192EA /* ReferenceObjects.swift in Sources */,
				F14A390043E6B849E1039B13 /* SettingsView.swift in Sources */,
			);
			runOnlyForDeploymentPostprocessing = 0;
		};
/* End PBXSourcesBuildPhase section */

/* Begin XCBuildConfiguration section */
		254DD702D10E0CC59F5B941C /* Debug */ = {
			isa = XCBuildConfiguration;
			buildSettings = {
				ALWAYS_SEARCH_USER_PATHS = NO;
				CLANG_ANALYZER_NONNULL = YES;
				CLANG_ANALYZER_NUMBER_OBJECT_CONVERSION = YES_AGGRESSIVE;
				CLANG_CXX_LANGUAGE_STANDARD = "gnu++14";
				CLANG_CXX_LIBRARY = "libc++";
				CLANG_ENABLE_MODULES = YES;
				CLANG_ENABLE_OBJC_ARC = YES;
				CLANG_ENABLE_OBJC_WEAK = YES;
				CLANG_WARN_BLOCK_CAPTURE_AUTORELEASING = YES;
				CLANG_WARN_BOOL_CONVERSION = YES;
				CLANG_WARN_COMMA = YES;
				CLANG_WARN_CONSTANT_CONVERSION = YES;
				CLANG_WARN_DEPRECATED_OBJC_IMPLEMENTATIONS = YES;
				CLANG_WARN_DIRECT_OBJC_ISA_USAGE = YES_ERROR;
				CLANG_WARN_DOCUMENTATION_COMMENTS = YES;
				CLANG_WARN_EMPTY_BODY = YES;
				CLANG_WARN_ENUM_CONVERSION = YES;
				CLANG_WARN_INFINITE_RECURSION = YES;
				CLANG_WARN_INT_CONVERSION = YES;
				CLANG_WARN_NON_LITERAL_NULL_CONVERSION = YES;
				CLANG_WARN_OBJC_IMPLICIT_RETAIN_SELF = YES;
				CLANG_WARN_OBJC_LITERAL_CONVERSION = YES;
				CLANG_WARN_OBJC_ROOT_CLASS = YES_ERROR;
				CLANG_WARN_QUOTED_INCLUDE_IN_FRAMEWORK_HEADER = YES;
				CLANG_WARN_RANGE_LOOP_ANALYSIS = YES;
				CLANG_WARN_STRICT_PROTOTYPES = YES;
				CLANG_WARN_SUSPICIOUS_MOVE = YES;
				CLANG_WARN_UNGUARDED_AVAILABILITY = YES_AGGRESSIVE;
				CLANG_WARN_UNREACHABLE_CODE = YES;
				CLANG_WARN__DUPLICATE_METHOD_MATCH = YES;
				COPY_PHASE_STRIP = NO;
				DEBUG_INFORMATION_FORMAT = dwarf;
				ENABLE_STRICT_OBJC_MSGSEND = YES;
				ENABLE_TESTABILITY = YES;
				GCC_C_LANGUAGE_STANDARD = gnu11;
				GCC_DYNAMIC_NO_PIC = NO;
				GCC_NO_COMMON_BLOCKS = YES;
				GCC_OPTIMIZATION_LEVEL = 0;
				GCC_PREPROCESSOR_DEFINITIONS = (
					"$(inherited)",
					"DEBUG=1",
				);
				GCC_WARN_64_TO_32_BIT_CONVERSION = YES;
				GCC_WARN_ABOUT_RETURN_TYPE = YES_ERROR;
				GCC_WARN_UNDECLARED_SELECTOR = YES;
				GCC_WARN_UNINITIALIZED_AUTOS = YES_AGGRESSIVE;
				GCC_WARN_UNUSED_FUNCTION = YES;
				GCC_WARN_UNUSED_VARIABLE = YES;
				IPHONEOS_DEPLOYMENT_TARGET = 17.0;
				MTL_ENABLE_DEBUG_INFO = INCLUDE_SOURCE;
				MTL_FAST_MATH = YES;
				ONLY_ACTIVE_ARCH = YES;
				PRODUCT_NAME = "$(TARGET_NAME)";
				SDKROOT = iphoneos;
				SWIFT_ACTIVE_COMPILATION_CONDITIONS = DEBUG;
				SWIFT_OPTIMIZATION_LEVEL = "-Onone";
				SWIFT_VERSION = 5.0;
			};
			name = Debug;
		};
		632DAC9D8F0399530494FF64 /* Release */ = {
			isa = XCBuildConfiguration;
			buildSettings = {
				ASSETCATALOG_COMPILER_APPICON_NAME = AppIcon;
				CODE_SIGN_IDENTITY = "iPhone Developer";
				DEVELOPMENT_TEAM = "";
				INFOPLIST_FILE = Sources/Info.plist;
				INFOPLIST_KEY_UILaunchScreen_Generation = YES;
				LD_RUNPATH_SEARCH_PATHS = (
					"$(inherited)",
					"@executable_path/Frameworks",
				);
				PRODUCT_BUNDLE_IDENTIFIER = com.blackie.FishMeasureAR;
				SDKROOT = iphoneos;
				SWIFT_VERSION = 5.9;
				TARGETED_DEVICE_FAMILY = 1;
			};
			name = Release;
		};
		964945CE8CA66457528CC8DB /* Debug */ = {
			isa = XCBuildConfiguration;
			buildSettings = {
				ASSETCATALOG_COMPILER_APPICON_NAME = AppIcon;
				CODE_SIGN_IDENTITY = "iPhone Developer";
				DEVELOPMENT_TEAM = "";
				INFOPLIST_FILE = Sources/Info.plist;
				INFOPLIST_KEY_UILaunchScreen_Generation = YES;
				LD_RUNPATH_SEARCH_PATHS = (
					"$(inherited)",
					"@executable_path/Frameworks",
				);
				PRODUCT_BUNDLE_IDENTIFIER = com.blackie.FishMeasureAR;
				SDKROOT = iphoneos;
				SWIFT_VERSION = 5.9;
				TARGETED_DEVICE_FAMILY = 1;
			};
			name = Debug;
		};
		9A3CC4FFCE60E8CDC7D53072 /* Release */ = {
			isa = XCBuildConfiguration;
			buildSettings = {
				ALWAYS_SEARCH_USER_PATHS = NO;
				CLANG_ANALYZER_NONNULL = YES;
				CLANG_ANALYZER_NUMBER_OBJECT_CONVERSION = YES_AGGRESSIVE;
				CLANG_CXX_LANGUAGE_STANDARD = "gnu++14";
				CLANG_CXX_LIBRARY = "libc++";
				CLANG_ENABLE_MODULES = YES;
				CLANG_ENABLE_OBJC_ARC = YES;
				CLANG_ENABLE_OBJC_WEAK = YES;
				CLANG_WARN_BLOCK_CAPTURE_AUTORELEASING = YES;
				CLANG_WARN_BOOL_CONVERSION = YES;
				CLANG_WARN_COMMA = YES;
				CLANG_WARN_CONSTANT_CONVERSION = YES;
				CLANG_WARN_DEPRECATED_OBJC_IMPLEMENTATIONS = YES;
				CLANG_WARN_DIRECT_OBJC_ISA_USAGE = YES_ERROR;
				CLANG_WARN_DOCUMENTATION_COMMENTS = YES;
				CLANG_WARN_EMPTY_BODY = YES;
				CLANG_WARN_ENUM_CONVERSION = YES;
				CLANG_WARN_INFINITE_RECURSION = YES;
				CLANG_WARN_INT_CONVERSION = YES;
				CLANG_WARN_NON_LITERAL_NULL_CONVERSION = YES;
				CLANG_WARN_OBJC_IMPLICIT_RETAIN_SELF = YES;
				CLANG_WARN_OBJC_LITERAL_CONVERSION = YES;
				CLANG_WARN_OBJC_ROOT_CLASS = YES_ERROR;
				CLANG_WARN_QUOTED_INCLUDE_IN_FRAMEWORK_HEADER = YES;
				CLANG_WARN_RANGE_LOOP_ANALYSIS = YES;
				CLANG_WARN_STRICT_PROTOTYPES = YES;
				CLANG_WARN_SUSPICIOUS_MOVE = YES;
				CLANG_WARN_UNGUARDED_AVAILABILITY = YES_AGGRESSIVE;
				CLANG_WARN_UNREACHABLE_CODE = YES;
				CLANG_WARN__DUPLICATE_METHOD_MATCH = YES;
				COPY_PHASE_STRIP = NO;
				DEBUG_INFORMATION_FORMAT = "dwarf-with-dsym";
				ENABLE_NS_ASSERTIONS = NO;
				ENABLE_STRICT_OBJC_MSGSEND = YES;
				GCC_C_LANGUAGE_STANDARD = gnu11;
				GCC_NO_COMMON_BLOCKS = YES;
				GCC_WARN_64_TO_32_BIT_CONVERSION = YES;
				GCC_WARN_ABOUT_RETURN_TYPE = YES_ERROR;
				GCC_WARN_UNDECLARED_SELECTOR = YES;
				GCC_WARN_UNINITIALIZED_AUTOS = YES_AGGRESSIVE;
				GCC_WARN_UNUSED_FUNCTION = YES;
				GCC_WARN_UNUSED_VARIABLE = YES;
				IPHONEOS_DEPLOYMENT_TARGET = 17.0;
				MTL_ENABLE_DEBUG_INFO = NO;
				MTL_FAST_MATH = YES;
				PRODUCT_NAME = "$(TARGET_NAME)";
				SDKROOT = iphoneos;
				SWIFT_COMPILATION_MODE = wholemodule;
				SWIFT_OPTIMIZATION_LEVEL = "-O";
				SWIFT_VERSION = 5.0;
			};
			name = Release;
		};
/* End XCBuildConfiguration section */

/* Begin XCConfigurationList section */
		51332CBE16E1B45531966FA9 /* Build configuration list for PBXNativeTarget "FishMeasureAR" */ = {
			isa = XCConfigurationList;
			buildConfigurations = (
				964945CE8CA66457528CC8DB /* Debug */,
				632DAC9D8F0399530494FF64 /* Release */,
			);
			defaultConfigurationIsVisible = 0;
			defaultConfigurationName = Debug;
		};
		AC962AB8796980D34B654BA8 /* Build configuration list for PBXProject "FishMeasureAR" */ = {
			isa = XCConfigurationList;
			buildConfigurations = (
				254DD702D10E0CC59F5B941C /* Debug */,
				9A3CC4FFCE60E8CDC7D53072 /* Release */,
			);
			defaultConfigurationIsVisible = 0;
			defaultConfigurationName = Debug;
		};
/* End XCConfigurationList section */
	};
	rootObject = 7ACEED3CFE4B17AEBB34A2B6 /* Project object */;
}
